
Microsoft Visual Studio Solution File, Format Version 12.00
# Visual Studio Version 17
VisualStudioVersion = 17.10.34928.147
MinimumVisualStudioVersion = 10.0.40219.1
Project("{FAE04EC0-301F-11D3-BF4B-00C04F79EFBC}") = "FlyingChess", "FlyingChess.csproj", "{F1D61CF1-E965-47E4-B3F0-BDBD8F7DA5A2}"
EndProject
Global
	GlobalSection(SolutionConfigurationPlatforms) = preSolution
		Debug|Any CPU = Debug|Any CPU
		Release|Any CPU = Release|Any CPU
	EndGlobalSection
	GlobalSection(ProjectConfigurationPlatforms) = postSolution
		{F1D61CF1-E965-47E4-B3F0-BDBD8F7DA5A2}.Debug|Any CPU.ActiveCfg = Debug|Any CPU
		{F1D61CF1-E965-47E4-B3F0-BDBD8F7DA5A2}.Debug|Any CPU.Build.0 = Debug|Any CPU
		{F1D61CF1-E965-47E4-B3F0-BDBD8F7DA5A2}.Release|Any CPU.ActiveCfg = Release|Any CPU
		{F1D61CF1-E965-47E4-B3F0-BDBD8F7DA5A2}.Release|Any CPU.Build.0 = Release|Any CPU
	EndGlobalSection
	GlobalSection(SolutionProperties) = preSolution
		HideSolutionNode = FALSE
	EndGlobalSection
	GlobalSection(ExtensibilityGlobals) = postSolution
		SolutionGuid = {D4FAA83F-E027-45C1-B0D8-13D09E11D6C1}
	EndGlobalSection
EndGlobal
